
Microsoft Visual Studio Solution File, Format Version 12.00
# Visual Studio Version 16
VisualStudioVersion = 16.0.30128.74
MinimumVisualStudioVersion = 10.0.40219.1
Project("{9A19103F-16F7-4668-BE54-9A1E7A4F7556}") = "HRmanagement", "HRmanagement\HRmanagement.csproj", "{7033FEBC-7CC8-4987-A752-E3E86F39D4DF}"
EndProject
Project("{FAE04EC0-301F-11D3-BF4B-00C04F79EFBC}") = "HRmanagementUnitTest", "HRmanagementUnitTest\HRmanagementUnitTest.csproj", "{98BA5359-215A-436B-A619-889472A30FF3}"
EndProject
Global
	GlobalSection(SolutionConfigurationPlatforms) = preSolution
		Debug|Any CPU = Debug|Any CPU
		Release|Any CPU = Release|Any CPU
	EndGlobalSection
	GlobalSection(ProjectConfigurationPlatforms) = postSolution
		{7033FEBC-7CC8-4987-A752-E3E86F39D4DF}.Debug|Any CPU.ActiveCfg = Debug|Any CPU
		{7033FEBC-7CC8-4987-A752-E3E86F39D4DF}.Debug|Any CPU.Build.0 = Debug|Any CPU
		{7033FEBC-7CC8-4987-A752-E3E86F39D4DF}.Release|Any CPU.ActiveCfg = Release|Any CPU
		{7033FEBC-7CC8-4987-A752-E3E86F39D4DF}.Release|Any CPU.Build.0 = Release|Any CPU
		{98BA5359-215A-436B-A619-889472A30FF3}.Debug|Any CPU.ActiveCfg = Debug|Any CPU
		{98BA5359-215A-436B-A619-889472A30FF3}.Debug|Any CPU.Build.0 = Debug|Any CPU
		{98BA5359-215A-436B-A619-889472A30FF3}.Release|Any CPU.ActiveCfg = Release|Any CPU
		{98BA5359-215A-436B-A619-889472A30FF3}.Release|Any CPU.Build.0 = Release|Any CPU
	EndGlobalSection
	GlobalSection(SolutionProperties) = preSolution
		HideSolutionNode = FALSE
	EndGlobalSection
	GlobalSection(ExtensibilityGlobals) = postSolution
		SolutionGuid = {CFC2F324-CD72-49D8-988B-98B188EAB012}
	EndGlobalSection
EndGlobal
